{
  "name": "with-js-esm",
  "version": "1.0.0",
  "lockfileVersion": 3,
  "requires": true,
  "packages": {
    "": {
      "name": "with-js-esm",
      "version": "1.0.0",
      "license": "MIT",
      "dependencies": {
        "dotenv": "^16.3.1",
        "hypercode": "^2.2.0"
      }
    },
    "node_modules/dotenv": {
      "version": "16.3.1",
      "resolved": "https://registry.npmjs.org/dotenv/-/dotenv-16.3.1.tgz",
      "integrity": "sha512-IPzF4w4/Rd94bA9imS68tZBaYyBWSCE47V1RGuMrB94iyTOIEwRmVL2x/4An+6mETpLrKJ5hQkB8W4kFAadeIQ==",
      "engines": {
        "node": ">=12"
      },
      "funding": {
        "url": "https://github.com/motdotla/dotenv?sponsor=1"
      }
    },
    "node_modules/hypercode": {
      "version": "2.2.0",
      "resolved": "https://registry.npmjs.org/hypercode/-/hypercode-2.2.0.tgz",
      "integrity": "sha512-odIM+9uE3nAz4V4MBxKkCWk1ALRp9CrUBLYJymr7xZczss3WXNHJebNbx3/rNydNV5sBti1+05EtKHvjWO3p3g==",
      "engines": {
        "node": ">=18"
      }
    }
  }
}
